
Microsoft Visual Studio Solution File, Format Version 12.00
Project("{FAE04EC0-301F-11D3-BF4B-00C04F79EFBC}") = "Task1", "Task1\Task1.csproj", "{0D3891FF-6D01-49B1-8285-B95492DC907F}"
EndProject
Project("{FAE04EC0-301F-11D3-BF4B-00C04F79EFBC}") = "Task2", "Task2\Task2.csproj", "{1B115886-02CB-49D1-8357-7382B7F88195}"
EndProject
Project("{FAE04EC0-301F-11D3-BF4B-00C04F79EFBC}") = "Task3", "Task3\Task3.csproj", "{1633DF3C-EDC0-4A6F-9805-FC17C7A409E1}"
EndProject
Global
	GlobalSection(SolutionConfigurationPlatforms) = preSolution
		Debug|Any CPU = Debug|Any CPU
		Release|Any CPU = Release|Any CPU
	EndGlobalSection
	GlobalSection(ProjectConfigurationPlatforms) = postSolution
		{0D3891FF-6D01-49B1-8285-B95492DC907F}.Debug|Any CPU.ActiveCfg = Debug|Any CPU
		{0D3891FF-6D01-49B1-8285-B95492DC907F}.Debug|Any CPU.Build.0 = Debug|Any CPU
		{0D3891FF-6D01-49B1-8285-B95492DC907F}.Release|Any CPU.ActiveCfg = Release|Any CPU
		{0D3891FF-6D01-49B1-8285-B95492DC907F}.Release|Any CPU.Build.0 = Release|Any CPU
		{1B115886-02CB-49D1-8357-7382B7F88195}.Debug|Any CPU.ActiveCfg = Debug|Any CPU
		{1B115886-02CB-49D1-8357-7382B7F88195}.Debug|Any CPU.Build.0 = Debug|Any CPU
		{1B115886-02CB-49D1-8357-7382B7F88195}.Release|Any CPU.ActiveCfg = Release|Any CPU
		{1B115886-02CB-49D1-8357-7382B7F88195}.Release|Any CPU.Build.0 = Release|Any CPU
		{1633DF3C-EDC0-4A6F-9805-FC17C7A409E1}.Debug|Any CPU.ActiveCfg = Debug|Any CPU
		{1633DF3C-EDC0-4A6F-9805-FC17C7A409E1}.Debug|Any CPU.Build.0 = Debug|Any CPU
		{1633DF3C-EDC0-4A6F-9805-FC17C7A409E1}.Release|Any CPU.ActiveCfg = Release|Any CPU
		{1633DF3C-EDC0-4A6F-9805-FC17C7A409E1}.Release|Any CPU.Build.0 = Release|Any CPU
	EndGlobalSection
EndGlobal
