
Microsoft Visual Studio Solution File, Format Version 12.00
Project("{FAE04EC0-301F-11D3-BF4B-00C04F79EFBC}") = "Task1", "Task1\Task1.csproj", "{8D2360F1-B42E-4EA1-8258-909674B3709A}"
EndProject
Project("{FAE04EC0-301F-11D3-BF4B-00C04F79EFBC}") = "Task2", "Task2\Task2.csproj", "{9DC68FEA-CD9B-4E8C-89FD-E6E10D7A1CA8}"
EndProject
Global
	GlobalSection(SolutionConfigurationPlatforms) = preSolution
		Debug|Any CPU = Debug|Any CPU
		Release|Any CPU = Release|Any CPU
	EndGlobalSection
	GlobalSection(ProjectConfigurationPlatforms) = postSolution
		{8D2360F1-B42E-4EA1-8258-909674B3709A}.Debug|Any CPU.ActiveCfg = Debug|Any CPU
		{8D2360F1-B42E-4EA1-8258-909674B3709A}.Debug|Any CPU.Build.0 = Debug|Any CPU
		{8D2360F1-B42E-4EA1-8258-909674B3709A}.Release|Any CPU.ActiveCfg = Release|Any CPU
		{8D2360F1-B42E-4EA1-8258-909674B3709A}.Release|Any CPU.Build.0 = Release|Any CPU
		{9DC68FEA-CD9B-4E8C-89FD-E6E10D7A1CA8}.Debug|Any CPU.ActiveCfg = Debug|Any CPU
		{9DC68FEA-CD9B-4E8C-89FD-E6E10D7A1CA8}.Debug|Any CPU.Build.0 = Debug|Any CPU
		{9DC68FEA-CD9B-4E8C-89FD-E6E10D7A1CA8}.Release|Any CPU.ActiveCfg = Release|Any CPU
		{9DC68FEA-CD9B-4E8C-89FD-E6E10D7A1CA8}.Release|Any CPU.Build.0 = Release|Any CPU
	EndGlobalSection
EndGlobal
