
Microsoft Visual Studio Solution File, Format Version 12.00
# Visual Studio Version 17
VisualStudioVersion = 17.13.35806.99
MinimumVisualStudioVersion = 10.0.40219.1
Project("{FAE04EC0-301F-11D3-BF4B-00C04F79EFBC}") = "Task1", "Task1\Task1.csproj", "{81496D29-5D3B-4C30-A01A-BD72A4090390}"
EndProject
Project("{FAE04EC0-301F-11D3-BF4B-00C04F79EFBC}") = "Task2", "Task2\Task2.csproj", "{159BC2F5-D9B5-4993-8593-3578C847C526}"
EndProject
Global
	GlobalSection(SolutionConfigurationPlatforms) = preSolution
		Debug|Any CPU = Debug|Any CPU
		Release|Any CPU = Release|Any CPU
	EndGlobalSection
	GlobalSection(ProjectConfigurationPlatforms) = postSolution
		{81496D29-5D3B-4C30-A01A-BD72A4090390}.Debug|Any CPU.ActiveCfg = Debug|Any CPU
		{81496D29-5D3B-4C30-A01A-BD72A4090390}.Debug|Any CPU.Build.0 = Debug|Any CPU
		{81496D29-5D3B-4C30-A01A-BD72A4090390}.Release|Any CPU.ActiveCfg = Release|Any CPU
		{81496D29-5D3B-4C30-A01A-BD72A4090390}.Release|Any CPU.Build.0 = Release|Any CPU
		{159BC2F5-D9B5-4993-8593-3578C847C526}.Debug|Any CPU.ActiveCfg = Debug|Any CPU
		{159BC2F5-D9B5-4993-8593-3578C847C526}.Debug|Any CPU.Build.0 = Debug|Any CPU
		{159BC2F5-D9B5-4993-8593-3578C847C526}.Release|Any CPU.ActiveCfg = Release|Any CPU
		{159BC2F5-D9B5-4993-8593-3578C847C526}.Release|Any CPU.Build.0 = Release|Any CPU
	EndGlobalSection
	GlobalSection(SolutionProperties) = preSolution
		HideSolutionNode = FALSE
	EndGlobalSection
	GlobalSection(ExtensibilityGlobals) = postSolution
		SolutionGuid = {208549FF-9F10-4339-BF6D-51F89A31CA12}
	EndGlobalSection
EndGlobal
