
Microsoft Visual Studio Solution File, Format Version 12.00
# Visual Studio Version 17
VisualStudioVersion = 17.13.35806.99 d17.13
MinimumVisualStudioVersion = 10.0.40219.1
Project("{FAE04EC0-301F-11D3-BF4B-00C04F79EFBC}") = "Task1", "Task1\Task1.csproj", "{524A17E1-2806-415A-8910-B822ECDD1285}"
EndProject
Project("{FAE04EC0-301F-11D3-BF4B-00C04F79EFBC}") = "Task2", "Task2\Task2.csproj", "{86CE40C6-91CA-4C7A-BA48-2F2FBA4827F5}"
EndProject
Project("{FAE04EC0-301F-11D3-BF4B-00C04F79EFBC}") = "Task3", "Task3\Task3.csproj", "{01DA13E1-AEBF-4FEC-8765-8DA989A70508}"
EndProject
Global
	GlobalSection(SolutionConfigurationPlatforms) = preSolution
		Debug|Any CPU = Debug|Any CPU
		Release|Any CPU = Release|Any CPU
	EndGlobalSection
	GlobalSection(ProjectConfigurationPlatforms) = postSolution
		{524A17E1-2806-415A-8910-B822ECDD1285}.Debug|Any CPU.ActiveCfg = Debug|Any CPU
		{524A17E1-2806-415A-8910-B822ECDD1285}.Debug|Any CPU.Build.0 = Debug|Any CPU
		{524A17E1-2806-415A-8910-B822ECDD1285}.Release|Any CPU.ActiveCfg = Release|Any CPU
		{524A17E1-2806-415A-8910-B822ECDD1285}.Release|Any CPU.Build.0 = Release|Any CPU
		{86CE40C6-91CA-4C7A-BA48-2F2FBA4827F5}.Debug|Any CPU.ActiveCfg = Debug|Any CPU
		{86CE40C6-91CA-4C7A-BA48-2F2FBA4827F5}.Debug|Any CPU.Build.0 = Debug|Any CPU
		{86CE40C6-91CA-4C7A-BA48-2F2FBA4827F5}.Release|Any CPU.ActiveCfg = Release|Any CPU
		{86CE40C6-91CA-4C7A-BA48-2F2FBA4827F5}.Release|Any CPU.Build.0 = Release|Any CPU
		{01DA13E1-AEBF-4FEC-8765-8DA989A70508}.Debug|Any CPU.ActiveCfg = Debug|Any CPU
		{01DA13E1-AEBF-4FEC-8765-8DA989A70508}.Debug|Any CPU.Build.0 = Debug|Any CPU
		{01DA13E1-AEBF-4FEC-8765-8DA989A70508}.Release|Any CPU.ActiveCfg = Release|Any CPU
		{01DA13E1-AEBF-4FEC-8765-8DA989A70508}.Release|Any CPU.Build.0 = Release|Any CPU
	EndGlobalSection
	GlobalSection(SolutionProperties) = preSolution
		HideSolutionNode = FALSE
	EndGlobalSection
	GlobalSection(ExtensibilityGlobals) = postSolution
		SolutionGuid = {CB5FB847-313B-4EAB-AE64-C32227DE8B32}
	EndGlobalSection
EndGlobal
